
Microsoft Visual Studio Solution File, Format Version 12.00
# Visual Studio Version 16
VisualStudioVersion = 16.0.30204.135
MinimumVisualStudioVersion = 10.0.40219.1
Project("{FAE04EC0-301F-11D3-BF4B-00C04F79EFBC}") = "DeberConsola2", "DeberConsola2\DeberConsola2.csproj", "{C5F1B915-DDC0-4C81-BF34-945ED6C667B3}"
EndProject
Global
	GlobalSection(SolutionConfigurationPlatforms) = preSolution
		Debug|Any CPU = Debug|Any CPU
		Release|Any CPU = Release|Any CPU
	EndGlobalSection
	GlobalSection(ProjectConfigurationPlatforms) = postSolution
		{C5F1B915-DDC0-4C81-BF34-945ED6C667B3}.Debug|Any CPU.ActiveCfg = Debug|Any CPU
		{C5F1B915-DDC0-4C81-BF34-945ED6C667B3}.Debug|Any CPU.Build.0 = Debug|Any CPU
		{C5F1B915-DDC0-4C81-BF34-945ED6C667B3}.Release|Any CPU.ActiveCfg = Release|Any CPU
		{C5F1B915-DDC0-4C81-BF34-945ED6C667B3}.Release|Any CPU.Build.0 = Release|Any CPU
	EndGlobalSection
	GlobalSection(SolutionProperties) = preSolution
		HideSolutionNode = FALSE
	EndGlobalSection
	GlobalSection(ExtensibilityGlobals) = postSolution
		SolutionGuid = {09EB45A1-5439-4DFE-92A4-8E8E38ABCFD5}
	EndGlobalSection
EndGlobal
